
Microsoft Visual Studio Solution File, Format Version 12.00
# Visual Studio 15
VisualStudioVersion = 15.0.27428.2011
MinimumVisualStudioVersion = 10.0.40219.1
Project("{FAE04EC0-301F-11D3-BF4B-00C04F79EFBC}") = "Vueling.presentation.winsite", "WindowsFormsApp1\Vueling.presentation.winsite.csproj", "{AFAE7DB1-40A6-440C-8F7E-FE6FBCA23091}"
EndProject
Project("{FAE04EC0-301F-11D3-BF4B-00C04F79EFBC}") = "Vueling.Busisness.Logic", "Vueling.Busisness.Logic\Vueling.Busisness.Logic.csproj", "{D3D5139C-38A1-486E-80BB-58E467D1F680}"
EndProject
Project("{FAE04EC0-301F-11D3-BF4B-00C04F79EFBC}") = "Vueling.DataAccess.Dao", "Vueling.DataAccess.Dao\Vueling.DataAccess.Dao.csproj", "{004C345C-6A1A-49C1-9D3B-A8B82B7DB9EA}"
EndProject
Project("{FAE04EC0-301F-11D3-BF4B-00C04F79EFBC}") = "Vueling.Common.Logic", "Vueling.Common.Logic\Vueling.Common.Logic.csproj", "{CD2BE616-224A-4605-A62F-4F423675DF3E}"
EndProject
Project("{FAE04EC0-301F-11D3-BF4B-00C04F79EFBC}") = "Vueling.DataAccess.DaoTests", "Vueling.DataAccess.DaoTests\Vueling.DataAccess.DaoTests.csproj", "{BC34C83C-4E9B-4238-8278-854369ADE2C8}"
EndProject
Global
	GlobalSection(SolutionConfigurationPlatforms) = preSolution
		Debug|Any CPU = Debug|Any CPU
		Release|Any CPU = Release|Any CPU
	EndGlobalSection
	GlobalSection(ProjectConfigurationPlatforms) = postSolution
		{AFAE7DB1-40A6-440C-8F7E-FE6FBCA23091}.Debug|Any CPU.ActiveCfg = Debug|Any CPU
		{AFAE7DB1-40A6-440C-8F7E-FE6FBCA23091}.Debug|Any CPU.Build.0 = Debug|Any CPU
		{AFAE7DB1-40A6-440C-8F7E-FE6FBCA23091}.Release|Any CPU.ActiveCfg = Release|Any CPU
		{AFAE7DB1-40A6-440C-8F7E-FE6FBCA23091}.Release|Any CPU.Build.0 = Release|Any CPU
		{D3D5139C-38A1-486E-80BB-58E467D1F680}.Debug|Any CPU.ActiveCfg = Debug|Any CPU
		{D3D5139C-38A1-486E-80BB-58E467D1F680}.Debug|Any CPU.Build.0 = Debug|Any CPU
		{D3D5139C-38A1-486E-80BB-58E467D1F680}.Release|Any CPU.ActiveCfg = Release|Any CPU
		{D3D5139C-38A1-486E-80BB-58E467D1F680}.Release|Any CPU.Build.0 = Release|Any CPU
		{004C345C-6A1A-49C1-9D3B-A8B82B7DB9EA}.Debug|Any CPU.ActiveCfg = Debug|Any CPU
		{004C345C-6A1A-49C1-9D3B-A8B82B7DB9EA}.Debug|Any CPU.Build.0 = Debug|Any CPU
		{004C345C-6A1A-49C1-9D3B-A8B82B7DB9EA}.Release|Any CPU.ActiveCfg = Release|Any CPU
		{004C345C-6A1A-49C1-9D3B-A8B82B7DB9EA}.Release|Any CPU.Build.0 = Release|Any CPU
		{CD2BE616-224A-4605-A62F-4F423675DF3E}.Debug|Any CPU.ActiveCfg = Debug|Any CPU
		{CD2BE616-224A-4605-A62F-4F423675DF3E}.Debug|Any CPU.Build.0 = Debug|Any CPU
		{CD2BE616-224A-4605-A62F-4F423675DF3E}.Release|Any CPU.ActiveCfg = Release|Any CPU
		{CD2BE616-224A-4605-A62F-4F423675DF3E}.Release|Any CPU.Build.0 = Release|Any CPU
		{BC34C83C-4E9B-4238-8278-854369ADE2C8}.Debug|Any CPU.ActiveCfg = Debug|Any CPU
		{BC34C83C-4E9B-4238-8278-854369ADE2C8}.Debug|Any CPU.Build.0 = Debug|Any CPU
		{BC34C83C-4E9B-4238-8278-854369ADE2C8}.Release|Any CPU.ActiveCfg = Release|Any CPU
		{BC34C83C-4E9B-4238-8278-854369ADE2C8}.Release|Any CPU.Build.0 = Release|Any CPU
	EndGlobalSection
	GlobalSection(SolutionProperties) = preSolution
		HideSolutionNode = FALSE
	EndGlobalSection
	GlobalSection(ExtensibilityGlobals) = postSolution
		SolutionGuid = {A4993F33-CDD3-40DD-8D27-70B01BFACCBE}
	EndGlobalSection
EndGlobal
